
Microsoft Visual Studio Solution File, Format Version 12.00
# Visual Studio Version 16
VisualStudioVersion = 16.0.29709.97
MinimumVisualStudioVersion = 10.0.40219.1
Project("{9A19103F-16F7-4668-BE54-9A1E7A4F7556}") = "OnlineParticipations", "OnlineParticipations\OnlineParticipations.csproj", "{D3577A2B-6E85-4EA7-84E7-820237D2F0A9}"
EndProject
Project("{9A19103F-16F7-4668-BE54-9A1E7A4F7556}") = "SimpleMethods", "SimpleMethods\SimpleMethods.csproj", "{C98AD527-292E-4D61-8678-43FC7FBFC567}"
EndProject
Project("{9A19103F-16F7-4668-BE54-9A1E7A4F7556}") = "TextBox", "TextBox\TextBox.csproj", "{22FD1A2B-1625-4D64-BD6B-0CDB9F82B5F6}"
EndProject
Project("{9A19103F-16F7-4668-BE54-9A1E7A4F7556}") = "RectangleAndCircle", "RectangleAndCircle\RectangleAndCircle.csproj", "{2C90FD7A-3DC0-425B-8AA0-A28C19CEAEE0}"
EndProject
Project("{9A19103F-16F7-4668-BE54-9A1E7A4F7556}") = "Studen1", "Studen1\Studen1.csproj", "{AA39F055-5C0E-446C-86A5-769AA9F0A071}"
EndProject
Project("{9A19103F-16F7-4668-BE54-9A1E7A4F7556}") = "Toys", "Toys\Toys.csproj", "{8F13A117-1A86-439A-99D1-72E86E614153}"
EndProject
Project("{FAE04EC0-301F-11D3-BF4B-00C04F79EFBC}") = "WPF - 1", "WPF - 1\WPF - 1.csproj", "{76533AE9-8CF5-4B95-AA5F-AD75D0D0F44D}"
EndProject
Global
	GlobalSection(SolutionConfigurationPlatforms) = preSolution
		Debug|Any CPU = Debug|Any CPU
		Release|Any CPU = Release|Any CPU
	EndGlobalSection
	GlobalSection(ProjectConfigurationPlatforms) = postSolution
		{D3577A2B-6E85-4EA7-84E7-820237D2F0A9}.Debug|Any CPU.ActiveCfg = Debug|Any CPU
		{D3577A2B-6E85-4EA7-84E7-820237D2F0A9}.Debug|Any CPU.Build.0 = Debug|Any CPU
		{D3577A2B-6E85-4EA7-84E7-820237D2F0A9}.Release|Any CPU.ActiveCfg = Release|Any CPU
		{D3577A2B-6E85-4EA7-84E7-820237D2F0A9}.Release|Any CPU.Build.0 = Release|Any CPU
		{C98AD527-292E-4D61-8678-43FC7FBFC567}.Debug|Any CPU.ActiveCfg = Debug|Any CPU
		{C98AD527-292E-4D61-8678-43FC7FBFC567}.Debug|Any CPU.Build.0 = Debug|Any CPU
		{C98AD527-292E-4D61-8678-43FC7FBFC567}.Release|Any CPU.ActiveCfg = Release|Any CPU
		{C98AD527-292E-4D61-8678-43FC7FBFC567}.Release|Any CPU.Build.0 = Release|Any CPU
		{22FD1A2B-1625-4D64-BD6B-0CDB9F82B5F6}.Debug|Any CPU.ActiveCfg = Debug|Any CPU
		{22FD1A2B-1625-4D64-BD6B-0CDB9F82B5F6}.Debug|Any CPU.Build.0 = Debug|Any CPU
		{22FD1A2B-1625-4D64-BD6B-0CDB9F82B5F6}.Release|Any CPU.ActiveCfg = Release|Any CPU
		{22FD1A2B-1625-4D64-BD6B-0CDB9F82B5F6}.Release|Any CPU.Build.0 = Release|Any CPU
		{2C90FD7A-3DC0-425B-8AA0-A28C19CEAEE0}.Debug|Any CPU.ActiveCfg = Debug|Any CPU
		{2C90FD7A-3DC0-425B-8AA0-A28C19CEAEE0}.Debug|Any CPU.Build.0 = Debug|Any CPU
		{2C90FD7A-3DC0-425B-8AA0-A28C19CEAEE0}.Release|Any CPU.ActiveCfg = Release|Any CPU
		{2C90FD7A-3DC0-425B-8AA0-A28C19CEAEE0}.Release|Any CPU.Build.0 = Release|Any CPU
		{AA39F055-5C0E-446C-86A5-769AA9F0A071}.Debug|Any CPU.ActiveCfg = Debug|Any CPU
		{AA39F055-5C0E-446C-86A5-769AA9F0A071}.Debug|Any CPU.Build.0 = Debug|Any CPU
		{AA39F055-5C0E-446C-86A5-769AA9F0A071}.Release|Any CPU.ActiveCfg = Release|Any CPU
		{AA39F055-5C0E-446C-86A5-769AA9F0A071}.Release|Any CPU.Build.0 = Release|Any CPU
		{8F13A117-1A86-439A-99D1-72E86E614153}.Debug|Any CPU.ActiveCfg = Debug|Any CPU
		{8F13A117-1A86-439A-99D1-72E86E614153}.Debug|Any CPU.Build.0 = Debug|Any CPU
		{8F13A117-1A86-439A-99D1-72E86E614153}.Release|Any CPU.ActiveCfg = Release|Any CPU
		{8F13A117-1A86-439A-99D1-72E86E614153}.Release|Any CPU.Build.0 = Release|Any CPU
		{76533AE9-8CF5-4B95-AA5F-AD75D0D0F44D}.Debug|Any CPU.ActiveCfg = Debug|Any CPU
		{76533AE9-8CF5-4B95-AA5F-AD75D0D0F44D}.Debug|Any CPU.Build.0 = Debug|Any CPU
		{76533AE9-8CF5-4B95-AA5F-AD75D0D0F44D}.Release|Any CPU.ActiveCfg = Release|Any CPU
		{76533AE9-8CF5-4B95-AA5F-AD75D0D0F44D}.Release|Any CPU.Build.0 = Release|Any CPU
	EndGlobalSection
	GlobalSection(SolutionProperties) = preSolution
		HideSolutionNode = FALSE
	EndGlobalSection
	GlobalSection(ExtensibilityGlobals) = postSolution
		SolutionGuid = {FA0ABDD8-E318-460F-B48B-6AFEA4F8D1D2}
	EndGlobalSection
EndGlobal
